
Microsoft Visual Studio Solution File, Format Version 12.00
# Visual Studio Version 17
VisualStudioVersion = 17.11.35222.181
MinimumVisualStudioVersion = 10.0.40219.1
Project("{9A19103F-16F7-4668-BE54-9A1E7A4F7556}") = "CloudSeal.App.CloudSealHost.AppHost", "src\App\CloudSeal.App.CloudSealHost\CloudSeal.App.CloudSealHost.AppHost\CloudSeal.App.CloudSealHost.AppHost.csproj", "{FDBBEDEC-FCB1-4F81-B8E9-7D7C7E273F04}"
EndProject
Project("{9A19103F-16F7-4668-BE54-9A1E7A4F7556}") = "CloudSeal.App.CloudSealHost.ServiceDefaults", "src\App\CloudSeal.App.CloudSealHost\CloudSeal.App.CloudSealHost.ServiceDefaults\CloudSeal.App.CloudSealHost.ServiceDefaults.csproj", "{7BD1D4D8-9E07-44E8-B90A-D0EC1C4C8BA8}"
EndProject
Project("{2150E333-8FDC-42A3-9474-1A3956D46DE8}") = "App", "App", "{AAD2D1A5-27B3-44A7-B48C-83B7935FBB72}"
EndProject
Global
	GlobalSection(SolutionConfigurationPlatforms) = preSolution
		Debug|Any CPU = Debug|Any CPU
		Release|Any CPU = Release|Any CPU
	EndGlobalSection
	GlobalSection(ProjectConfigurationPlatforms) = postSolution
		{FDBBEDEC-FCB1-4F81-B8E9-7D7C7E273F04}.Debug|Any CPU.ActiveCfg = Debug|Any CPU
		{FDBBEDEC-FCB1-4F81-B8E9-7D7C7E273F04}.Debug|Any CPU.Build.0 = Debug|Any CPU
		{FDBBEDEC-FCB1-4F81-B8E9-7D7C7E273F04}.Release|Any CPU.ActiveCfg = Release|Any CPU
		{FDBBEDEC-FCB1-4F81-B8E9-7D7C7E273F04}.Release|Any CPU.Build.0 = Release|Any CPU
		{7BD1D4D8-9E07-44E8-B90A-D0EC1C4C8BA8}.Debug|Any CPU.ActiveCfg = Debug|Any CPU
		{7BD1D4D8-9E07-44E8-B90A-D0EC1C4C8BA8}.Debug|Any CPU.Build.0 = Debug|Any CPU
		{7BD1D4D8-9E07-44E8-B90A-D0EC1C4C8BA8}.Release|Any CPU.ActiveCfg = Release|Any CPU
		{7BD1D4D8-9E07-44E8-B90A-D0EC1C4C8BA8}.Release|Any CPU.Build.0 = Release|Any CPU
	EndGlobalSection
	GlobalSection(SolutionProperties) = preSolution
		HideSolutionNode = FALSE
	EndGlobalSection
	GlobalSection(NestedProjects) = preSolution
		{FDBBEDEC-FCB1-4F81-B8E9-7D7C7E273F04} = {AAD2D1A5-27B3-44A7-B48C-83B7935FBB72}
		{7BD1D4D8-9E07-44E8-B90A-D0EC1C4C8BA8} = {AAD2D1A5-27B3-44A7-B48C-83B7935FBB72}
	EndGlobalSection
	GlobalSection(ExtensibilityGlobals) = postSolution
		SolutionGuid = {60464CE3-1106-4BC6-9F67-95A196E5A0D9}
	EndGlobalSection
EndGlobal
